
Microsoft Visual Studio Solution File, Format Version 12.00
# Visual Studio Version 17
VisualStudioVersion = 17.0.32126.317
MinimumVisualStudioVersion = 10.0.40219.1
Project("{9A19103F-16F7-4668-BE54-9A1E7A4F7556}") = "WebApp", "WebApp\WebApp.csproj", "{D50ADB99-6D3D-4CEC-894B-3D23A9DD7D64}"
EndProject
Project("{9A19103F-16F7-4668-BE54-9A1E7A4F7556}") = "WebApp.Tests", "WebApp.Tests\WebApp.Tests.csproj", "{FB55792C-50F3-43B3-9B46-4DCEF79C8AD3}"
EndProject
Project("{FAE04EC0-301F-11D3-BF4B-00C04F79EFBC}") = "SchedulerFunction", "SchedulerFunction\SchedulerFunction.csproj", "{240B12F4-0E11-4D42-AEC2-CDFB9FCE2DC5}"
EndProject
Global
	GlobalSection(SolutionConfigurationPlatforms) = preSolution
		Debug|Any CPU = Debug|Any CPU
		Release|Any CPU = Release|Any CPU
	EndGlobalSection
	GlobalSection(ProjectConfigurationPlatforms) = postSolution
		{D50ADB99-6D3D-4CEC-894B-3D23A9DD7D64}.Debug|Any CPU.ActiveCfg = Debug|Any CPU
		{D50ADB99-6D3D-4CEC-894B-3D23A9DD7D64}.Debug|Any CPU.Build.0 = Debug|Any CPU
		{D50ADB99-6D3D-4CEC-894B-3D23A9DD7D64}.Release|Any CPU.ActiveCfg = Release|Any CPU
		{D50ADB99-6D3D-4CEC-894B-3D23A9DD7D64}.Release|Any CPU.Build.0 = Release|Any CPU
		{FB55792C-50F3-43B3-9B46-4DCEF79C8AD3}.Debug|Any CPU.ActiveCfg = Debug|Any CPU
		{FB55792C-50F3-43B3-9B46-4DCEF79C8AD3}.Debug|Any CPU.Build.0 = Debug|Any CPU
		{FB55792C-50F3-43B3-9B46-4DCEF79C8AD3}.Release|Any CPU.ActiveCfg = Release|Any CPU
		{FB55792C-50F3-43B3-9B46-4DCEF79C8AD3}.Release|Any CPU.Build.0 = Release|Any CPU
		{240B12F4-0E11-4D42-AEC2-CDFB9FCE2DC5}.Debug|Any CPU.ActiveCfg = Debug|Any CPU
		{240B12F4-0E11-4D42-AEC2-CDFB9FCE2DC5}.Debug|Any CPU.Build.0 = Debug|Any CPU
		{240B12F4-0E11-4D42-AEC2-CDFB9FCE2DC5}.Release|Any CPU.ActiveCfg = Release|Any CPU
		{240B12F4-0E11-4D42-AEC2-CDFB9FCE2DC5}.Release|Any CPU.Build.0 = Release|Any CPU
	EndGlobalSection
	GlobalSection(SolutionProperties) = preSolution
		HideSolutionNode = FALSE
	EndGlobalSection
	GlobalSection(ExtensibilityGlobals) = postSolution
		SolutionGuid = {2CCE1FF0-5EE1-43D0-9337-A9B19705EECC}
	EndGlobalSection
EndGlobal
